github.com/antlr/antlr4/runtime/Go/antlr v0.0.0-20220527190237-ee62e23da966 h1:mEzJ8SH4M5wDL8C4a17yX2YeD/FIXV5w8FJekByaBi0=
github.com/antlr/antlr4/runtime/Go/antlr v0.0.0-20220527190237-ee62e23da966/go.mod h1:F7bn7fEU90QkQ3tnmaTx3LTKLEDqnwWODIYppRQ5hnY=
github.com/bmatcuk/doublestar/v4 v4.0.2 h1:X0krlUVAVmtr2cRoTqR8aDMrDqnB36ht8wpWTiQ3jsA=
github.com/bmatcuk/doublestar/v4 v4.0.2/go.mod h1:xBQ8jztBU6kakFMg+8WGxn0c6z1fTSPVIjEY1Wr7jzc=
github.com/davecgh/go-spew v1.1.0/go.mod h1:J7Y8YcW2NihsgmVo/mv3lAwl/skON4iLHjSsI+c5H38=
github.com/davecgh/go-spew v1.1.1/go.mod h1:J7Y8YcW2NihsgmVo/mv3lAwl/skON4iLHjSsI+c5H38=
github.com/google/go-cmp v0.5.2/go.mod h1:v8dTdLbMG2kIc/vJvl+f65V22dbkXbowE6jgT/gNBxE=
github.com/pkg/profile v1.6.0 h1:hUDfIISABYI59DyeB3OTay/HxSRwTQ8rB/H83k6r5dM=
github.com/pkg/profile v1.6.0/go.mod h1:qBsxPvzyUincmltOk6iyRVxHYg4adc0OFOv72ZdLa18=
github.com/pmezard/go-difflib v1.0.0/go.mod h1:iKH77koFhYxTK1pcRnkKkqfTogsbg7gZNVY4sRDYZ/4=
github.com/shurcooL/go v0.0.0-20180423040247-9e1955d9fb6e/go.mod h1:TDJrrUr11Vxrven61rcy3hJMUqaf/CLWYhHNPmT14Lk=
github.com/shurcooL/go-goon v0.0.0-20170922171312-37c2f522c041/go.mod h1:N5mDOmsrJOB+vfqUK+7DmDyjhSLIIBnXo9lvZJj3MWQ=
github.com/sourcegraph/go-diff v0.6.1 h1:hmA1LzxW0n1c3Q4YbrFgg4P99GSnebYa3x8gr0HZqLQ=
github.com/sourcegraph/go-diff v0.6.1/go.mod h1:iBszgVvyxdc8SFZ7gm69go2KDdt3ag071iBaWPF6cjs=
github.com/stretchr/objx v0.1.0/go.mod h1:HFkY916IF+rwdDfMAkV7OtwuqBVzrE8GR6GFx+wExME=
github.com/stretchr/testify v1.4.0/go.mod h1:j7eGeouHqKxXV5pUuKE4zz7dFj8WfuZ+81PSLYec5m4=
github.com/waigani/diffparser v0.0.0-20190828052634-7391f219313d h1:xQcF7b7cZLWZG/+7A4G7un1qmEDYHIvId9qxRS1mZMs=
github.com/waigani/diffparser v0.0.0-20190828052634-7391f219313d/go.mod h1:BzSc3WEF8R+lCaP5iGFRxd5kIXy4JKOZAwNe1w0cdc0=
golang.org/x/xerrors v0.0.0-20191204190536-9bdfabe68543/go.mod h1:I/5z698sn9Ka8TeJc9MKroUUfqBBauWjQqLJ2OPfmY0=
gopkg.in/check.v1 v0.0.0-20161208181325-20d25e280405/go.mod h1:Co6ibVJAznAaIkqp8huTwlJQCZ016jof/cbN4VW5Yz0=
gopkg.in/yaml.v2 v2.2.2/go.mod h1:hI93XBmqTisBFMUTm0b8Fm+jr3Dg1NNxqwp+5A1VGuI=
